
Microsoft Visual Studio Solution File, Format Version 12.00
Project("{FAE04EC0-301F-11D3-BF4B-00C04F79EFBC}") = "Phase11_ASP", "Phase11_ASP\Phase11_ASP.csproj", "{A44A1393-BD39-4FB1-B1B9-2B95E0264EFA}"
EndProject
Global
	GlobalSection(SolutionConfigurationPlatforms) = preSolution
		Debug|Any CPU = Debug|Any CPU
		Release|Any CPU = Release|Any CPU
	EndGlobalSection
	GlobalSection(ProjectConfigurationPlatforms) = postSolution
		{A44A1393-BD39-4FB1-B1B9-2B95E0264EFA}.Debug|Any CPU.ActiveCfg = Debug|Any CPU
		{A44A1393-BD39-4FB1-B1B9-2B95E0264EFA}.Debug|Any CPU.Build.0 = Debug|Any CPU
		{A44A1393-BD39-4FB1-B1B9-2B95E0264EFA}.Release|Any CPU.ActiveCfg = Release|Any CPU
		{A44A1393-BD39-4FB1-B1B9-2B95E0264EFA}.Release|Any CPU.Build.0 = Release|Any CPU
	EndGlobalSection
EndGlobal
