
Microsoft Visual Studio Solution File, Format Version 12.00
Project("{FAE04EC0-301F-11D3-BF4B-00C04F79EFBC}") = "Phase08", "Phase08\Phase08.csproj", "{23C8E2F2-16FA-4ABC-9F38-12D27715099B}"
EndProject
Project("{FAE04EC0-301F-11D3-BF4B-00C04F79EFBC}") = "TestPhase08", "TestPhase08\TestPhase08.csproj", "{7953A470-DE66-423C-A308-DF30367D8396}"
EndProject
Global
	GlobalSection(SolutionConfigurationPlatforms) = preSolution
		Debug|Any CPU = Debug|Any CPU
		Release|Any CPU = Release|Any CPU
	EndGlobalSection
	GlobalSection(ProjectConfigurationPlatforms) = postSolution
		{23C8E2F2-16FA-4ABC-9F38-12D27715099B}.Debug|Any CPU.ActiveCfg = Debug|Any CPU
		{23C8E2F2-16FA-4ABC-9F38-12D27715099B}.Debug|Any CPU.Build.0 = Debug|Any CPU
		{23C8E2F2-16FA-4ABC-9F38-12D27715099B}.Release|Any CPU.ActiveCfg = Release|Any CPU
		{23C8E2F2-16FA-4ABC-9F38-12D27715099B}.Release|Any CPU.Build.0 = Release|Any CPU
		{7953A470-DE66-423C-A308-DF30367D8396}.Debug|Any CPU.ActiveCfg = Debug|Any CPU
		{7953A470-DE66-423C-A308-DF30367D8396}.Debug|Any CPU.Build.0 = Debug|Any CPU
		{7953A470-DE66-423C-A308-DF30367D8396}.Release|Any CPU.ActiveCfg = Release|Any CPU
		{7953A470-DE66-423C-A308-DF30367D8396}.Release|Any CPU.Build.0 = Release|Any CPU
	EndGlobalSection
EndGlobal
